
Microsoft Visual Studio Solution File, Format Version 12.00
# Visual Studio Version 17
VisualStudioVersion = 17.9.34728.123
MinimumVisualStudioVersion = 10.0.40219.1
Project("{FAE04EC0-301F-11D3-BF4B-00C04F79EFBC}") = "Lista de Tarefas", "Lista de Tarefas\Lista de Tarefas.csproj", "{744422C1-CAE9-42BF-BC50-6A51D53E7E70}"
EndProject
Global
	GlobalSection(SolutionConfigurationPlatforms) = preSolution
		Debug|Any CPU = Debug|Any CPU
		Release|Any CPU = Release|Any CPU
	EndGlobalSection
	GlobalSection(ProjectConfigurationPlatforms) = postSolution
		{744422C1-CAE9-42BF-BC50-6A51D53E7E70}.Debug|Any CPU.ActiveCfg = Debug|Any CPU
		{744422C1-CAE9-42BF-BC50-6A51D53E7E70}.Debug|Any CPU.Build.0 = Debug|Any CPU
		{744422C1-CAE9-42BF-BC50-6A51D53E7E70}.Release|Any CPU.ActiveCfg = Release|Any CPU
		{744422C1-CAE9-42BF-BC50-6A51D53E7E70}.Release|Any CPU.Build.0 = Release|Any CPU
	EndGlobalSection
	GlobalSection(SolutionProperties) = preSolution
		HideSolutionNode = FALSE
	EndGlobalSection
	GlobalSection(ExtensibilityGlobals) = postSolution
		SolutionGuid = {1346C5A3-D36F-49DB-BB03-50EF4BEAADB1}
	EndGlobalSection
EndGlobal
